
Microsoft Visual Studio Solution File, Format Version 12.00
# Visual Studio 14
VisualStudioVersion = 14.0.25420.1
MinimumVisualStudioVersion = 10.0.40219.1
Project("{2150E333-8FDC-42A3-9474-1A3956D46DE8}") = "CommandLine", "CommandLine", "{0431F159-4D89-4145-8699-3F3776D6DAA8}"
EndProject
Project("{2150E333-8FDC-42A3-9474-1A3956D46DE8}") = "Libraries", "Libraries", "{3111FFF6-C743-44BA-BCF2-F724739FBAF3}"
EndProject
Project("{FAE04EC0-301F-11D3-BF4B-00C04F79EFBC}") = "LIM", "lib\lim\LIM.csproj", "{19BDC01A-E726-4DF5-8E1C-A8E10FEFADD7}"
EndProject
Project("{FAE04EC0-301F-11D3-BF4B-00C04F79EFBC}") = "CSharp", "lib\csharp\CSharp.csproj", "{F96AF910-F727-4AD2-89FC-F6A3C6CF9DCC}"
EndProject
Project("{FAE04EC0-301F-11D3-BF4B-00C04F79EFBC}") = "Columbus", "lib\Columbus\Columbus.csproj", "{21908BBD-592F-4DA5-B854-AF879DA59299}"
EndProject
Project("{FAE04EC0-301F-11D3-BF4B-00C04F79EFBC}") = "CSAN", "cl\CSAN\CSAN.csproj", "{B79F148A-3D3C-4CFF-A381-AA6DA2FE09DD}"
EndProject
Global
	GlobalSection(SolutionConfigurationPlatforms) = preSolution
		CLRRelease|Any CPU = CLRRelease|Any CPU
		CLRRelease|Mixed Platforms = CLRRelease|Mixed Platforms
		CLRRelease|Win32 = CLRRelease|Win32
		CLRRelease|x64 = CLRRelease|x64
		CLRRelease|x86 = CLRRelease|x86
		Debug_CS|Any CPU = Debug_CS|Any CPU
		Debug_CS|Mixed Platforms = Debug_CS|Mixed Platforms
		Debug_CS|Win32 = Debug_CS|Win32
		Debug_CS|x64 = Debug_CS|x64
		Debug_CS|x86 = Debug_CS|x86
		Debug|Any CPU = Debug|Any CPU
		Debug|Mixed Platforms = Debug|Mixed Platforms
		Debug|Win32 = Debug|Win32
		Debug|x64 = Debug|x64
		Debug|x86 = Debug|x86
		DLLRelease|Any CPU = DLLRelease|Any CPU
		DLLRelease|Mixed Platforms = DLLRelease|Mixed Platforms
		DLLRelease|Win32 = DLLRelease|Win32
		DLLRelease|x64 = DLLRelease|x64
		DLLRelease|x86 = DLLRelease|x86
		Release_CS|Any CPU = Release_CS|Any CPU
		Release_CS|Mixed Platforms = Release_CS|Mixed Platforms
		Release_CS|Win32 = Release_CS|Win32
		Release_CS|x64 = Release_CS|x64
		Release_CS|x86 = Release_CS|x86
		Release|Any CPU = Release|Any CPU
		Release|Mixed Platforms = Release|Mixed Platforms
		Release|Win32 = Release|Win32
		Release|x64 = Release|x64
		Release|x86 = Release|x86
	EndGlobalSection
	GlobalSection(ProjectConfigurationPlatforms) = postSolution
		{19BDC01A-E726-4DF5-8E1C-A8E10FEFADD7}.CLRRelease|Any CPU.ActiveCfg = Release_CS|x86
		{19BDC01A-E726-4DF5-8E1C-A8E10FEFADD7}.CLRRelease|Mixed Platforms.ActiveCfg = Release_CS|x86
		{19BDC01A-E726-4DF5-8E1C-A8E10FEFADD7}.CLRRelease|Mixed Platforms.Build.0 = Release_CS|x86
		{19BDC01A-E726-4DF5-8E1C-A8E10FEFADD7}.CLRRelease|Win32.ActiveCfg = Release_CS|x86
		{19BDC01A-E726-4DF5-8E1C-A8E10FEFADD7}.CLRRelease|Win32.Build.0 = Release_CS|x86
		{19BDC01A-E726-4DF5-8E1C-A8E10FEFADD7}.CLRRelease|x64.ActiveCfg = Release_CS|x64
		{19BDC01A-E726-4DF5-8E1C-A8E10FEFADD7}.CLRRelease|x64.Build.0 = Release_CS|x64
		{19BDC01A-E726-4DF5-8E1C-A8E10FEFADD7}.CLRRelease|x86.ActiveCfg = Release_CS|x86
		{19BDC01A-E726-4DF5-8E1C-A8E10FEFADD7}.CLRRelease|x86.Build.0 = Release_CS|x86
		{19BDC01A-E726-4DF5-8E1C-A8E10FEFADD7}.Debug_CS|Any CPU.ActiveCfg = Debug_CS|x86
		{19BDC01A-E726-4DF5-8E1C-A8E10FEFADD7}.Debug_CS|Mixed Platforms.ActiveCfg = Debug_CS|x86
		{19BDC01A-E726-4DF5-8E1C-A8E10FEFADD7}.Debug_CS|Mixed Platforms.Build.0 = Debug_CS|x86
		{19BDC01A-E726-4DF5-8E1C-A8E10FEFADD7}.Debug_CS|Win32.ActiveCfg = Debug_CS|x86
		{19BDC01A-E726-4DF5-8E1C-A8E10FEFADD7}.Debug_CS|Win32.Build.0 = Debug_CS|x86
		{19BDC01A-E726-4DF5-8E1C-A8E10FEFADD7}.Debug_CS|x64.ActiveCfg = Debug_CS|x64
		{19BDC01A-E726-4DF5-8E1C-A8E10FEFADD7}.Debug_CS|x64.Build.0 = Debug_CS|x64
		{19BDC01A-E726-4DF5-8E1C-A8E10FEFADD7}.Debug_CS|x86.ActiveCfg = Debug_CS|x86
		{19BDC01A-E726-4DF5-8E1C-A8E10FEFADD7}.Debug_CS|x86.Build.0 = Debug_CS|x86
		{19BDC01A-E726-4DF5-8E1C-A8E10FEFADD7}.Debug|Any CPU.ActiveCfg = Debug_CS|x86
		{19BDC01A-E726-4DF5-8E1C-A8E10FEFADD7}.Debug|Mixed Platforms.ActiveCfg = Debug_CS|x86
		{19BDC01A-E726-4DF5-8E1C-A8E10FEFADD7}.Debug|Mixed Platforms.Build.0 = Debug_CS|x86
		{19BDC01A-E726-4DF5-8E1C-A8E10FEFADD7}.Debug|Win32.ActiveCfg = Debug_CS|x86
		{19BDC01A-E726-4DF5-8E1C-A8E10FEFADD7}.Debug|Win32.Build.0 = Debug_CS|x86
		{19BDC01A-E726-4DF5-8E1C-A8E10FEFADD7}.Debug|x64.ActiveCfg = Debug_CS|x64
		{19BDC01A-E726-4DF5-8E1C-A8E10FEFADD7}.Debug|x64.Build.0 = Debug_CS|x64
		{19BDC01A-E726-4DF5-8E1C-A8E10FEFADD7}.Debug|x86.ActiveCfg = Debug_CS|x86
		{19BDC01A-E726-4DF5-8E1C-A8E10FEFADD7}.Debug|x86.Build.0 = Debug_CS|x86
		{19BDC01A-E726-4DF5-8E1C-A8E10FEFADD7}.DLLRelease|Any CPU.ActiveCfg = Debug_CS|x86
		{19BDC01A-E726-4DF5-8E1C-A8E10FEFADD7}.DLLRelease|Mixed Platforms.ActiveCfg = Debug_CS|x86
		{19BDC01A-E726-4DF5-8E1C-A8E10FEFADD7}.DLLRelease|Mixed Platforms.Build.0 = Debug_CS|x86
		{19BDC01A-E726-4DF5-8E1C-A8E10FEFADD7}.DLLRelease|Win32.ActiveCfg = Debug_CS|x86
		{19BDC01A-E726-4DF5-8E1C-A8E10FEFADD7}.DLLRelease|Win32.Build.0 = Debug_CS|x86
		{19BDC01A-E726-4DF5-8E1C-A8E10FEFADD7}.DLLRelease|x64.ActiveCfg = Debug_CS|x64
		{19BDC01A-E726-4DF5-8E1C-A8E10FEFADD7}.DLLRelease|x64.Build.0 = Debug_CS|x64
		{19BDC01A-E726-4DF5-8E1C-A8E10FEFADD7}.DLLRelease|x86.ActiveCfg = Debug_CS|x86
		{19BDC01A-E726-4DF5-8E1C-A8E10FEFADD7}.DLLRelease|x86.Build.0 = Debug_CS|x86
		{19BDC01A-E726-4DF5-8E1C-A8E10FEFADD7}.Release_CS|Any CPU.ActiveCfg = Release_CS|x86
		{19BDC01A-E726-4DF5-8E1C-A8E10FEFADD7}.Release_CS|Mixed Platforms.ActiveCfg = Release_CS|x86
		{19BDC01A-E726-4DF5-8E1C-A8E10FEFADD7}.Release_CS|Mixed Platforms.Build.0 = Release_CS|x86
		{19BDC01A-E726-4DF5-8E1C-A8E10FEFADD7}.Release_CS|Win32.ActiveCfg = Release_CS|x86
		{19BDC01A-E726-4DF5-8E1C-A8E10FEFADD7}.Release_CS|Win32.Build.0 = Release_CS|x86
		{19BDC01A-E726-4DF5-8E1C-A8E10FEFADD7}.Release_CS|x64.ActiveCfg = Release_CS|x64
		{19BDC01A-E726-4DF5-8E1C-A8E10FEFADD7}.Release_CS|x64.Build.0 = Release_CS|x64
		{19BDC01A-E726-4DF5-8E1C-A8E10FEFADD7}.Release_CS|x86.ActiveCfg = Release_CS|x86
		{19BDC01A-E726-4DF5-8E1C-A8E10FEFADD7}.Release_CS|x86.Build.0 = Release_CS|x86
		{19BDC01A-E726-4DF5-8E1C-A8E10FEFADD7}.Release|Any CPU.ActiveCfg = Release_CS|x86
		{19BDC01A-E726-4DF5-8E1C-A8E10FEFADD7}.Release|Mixed Platforms.ActiveCfg = Release_CS|x86
		{19BDC01A-E726-4DF5-8E1C-A8E10FEFADD7}.Release|Mixed Platforms.Build.0 = Release_CS|x86
		{19BDC01A-E726-4DF5-8E1C-A8E10FEFADD7}.Release|Win32.ActiveCfg = Release_CS|x86
		{19BDC01A-E726-4DF5-8E1C-A8E10FEFADD7}.Release|Win32.Build.0 = Release_CS|x86
		{19BDC01A-E726-4DF5-8E1C-A8E10FEFADD7}.Release|x64.ActiveCfg = Release_CS|x64
		{19BDC01A-E726-4DF5-8E1C-A8E10FEFADD7}.Release|x64.Build.0 = Release_CS|x64
		{19BDC01A-E726-4DF5-8E1C-A8E10FEFADD7}.Release|x86.ActiveCfg = Release_CS|x86
		{19BDC01A-E726-4DF5-8E1C-A8E10FEFADD7}.Release|x86.Build.0 = Release_CS|x86
		{F96AF910-F727-4AD2-89FC-F6A3C6CF9DCC}.CLRRelease|Any CPU.ActiveCfg = Release_CS|x86
		{F96AF910-F727-4AD2-89FC-F6A3C6CF9DCC}.CLRRelease|Mixed Platforms.ActiveCfg = Release_CS|x86
		{F96AF910-F727-4AD2-89FC-F6A3C6CF9DCC}.CLRRelease|Mixed Platforms.Build.0 = Release_CS|x86
		{F96AF910-F727-4AD2-89FC-F6A3C6CF9DCC}.CLRRelease|Win32.ActiveCfg = Release_CS|x86
		{F96AF910-F727-4AD2-89FC-F6A3C6CF9DCC}.CLRRelease|Win32.Build.0 = Release_CS|x86
		{F96AF910-F727-4AD2-89FC-F6A3C6CF9DCC}.CLRRelease|x64.ActiveCfg = Release_CS|x64
		{F96AF910-F727-4AD2-89FC-F6A3C6CF9DCC}.CLRRelease|x64.Build.0 = Release_CS|x64
		{F96AF910-F727-4AD2-89FC-F6A3C6CF9DCC}.CLRRelease|x86.ActiveCfg = Release_CS|x86
		{F96AF910-F727-4AD2-89FC-F6A3C6CF9DCC}.CLRRelease|x86.Build.0 = Release_CS|x86
		{F96AF910-F727-4AD2-89FC-F6A3C6CF9DCC}.Debug_CS|Any CPU.ActiveCfg = Debug_CS|x86
		{F96AF910-F727-4AD2-89FC-F6A3C6CF9DCC}.Debug_CS|Mixed Platforms.ActiveCfg = Debug_CS|x86
		{F96AF910-F727-4AD2-89FC-F6A3C6CF9DCC}.Debug_CS|Mixed Platforms.Build.0 = Debug_CS|x86
		{F96AF910-F727-4AD2-89FC-F6A3C6CF9DCC}.Debug_CS|Win32.ActiveCfg = Debug_CS|x86
		{F96AF910-F727-4AD2-89FC-F6A3C6CF9DCC}.Debug_CS|Win32.Build.0 = Debug_CS|x86
		{F96AF910-F727-4AD2-89FC-F6A3C6CF9DCC}.Debug_CS|x64.ActiveCfg = Debug_CS|x64
		{F96AF910-F727-4AD2-89FC-F6A3C6CF9DCC}.Debug_CS|x64.Build.0 = Debug_CS|x64
		{F96AF910-F727-4AD2-89FC-F6A3C6CF9DCC}.Debug_CS|x86.ActiveCfg = Debug_CS|x86
		{F96AF910-F727-4AD2-89FC-F6A3C6CF9DCC}.Debug_CS|x86.Build.0 = Debug_CS|x86
		{F96AF910-F727-4AD2-89FC-F6A3C6CF9DCC}.Debug|Any CPU.ActiveCfg = Debug_CS|x86
		{F96AF910-F727-4AD2-89FC-F6A3C6CF9DCC}.Debug|Mixed Platforms.ActiveCfg = Debug_CS|x86
		{F96AF910-F727-4AD2-89FC-F6A3C6CF9DCC}.Debug|Mixed Platforms.Build.0 = Debug_CS|x86
		{F96AF910-F727-4AD2-89FC-F6A3C6CF9DCC}.Debug|Win32.ActiveCfg = Debug_CS|x86
		{F96AF910-F727-4AD2-89FC-F6A3C6CF9DCC}.Debug|Win32.Build.0 = Debug_CS|x86
		{F96AF910-F727-4AD2-89FC-F6A3C6CF9DCC}.Debug|x64.ActiveCfg = Debug_CS|x64
		{F96AF910-F727-4AD2-89FC-F6A3C6CF9DCC}.Debug|x64.Build.0 = Debug_CS|x64
		{F96AF910-F727-4AD2-89FC-F6A3C6CF9DCC}.Debug|x86.ActiveCfg = Debug_CS|x86
		{F96AF910-F727-4AD2-89FC-F6A3C6CF9DCC}.Debug|x86.Build.0 = Debug_CS|x86
		{F96AF910-F727-4AD2-89FC-F6A3C6CF9DCC}.DLLRelease|Any CPU.ActiveCfg = Debug_CS|x86
		{F96AF910-F727-4AD2-89FC-F6A3C6CF9DCC}.DLLRelease|Mixed Platforms.ActiveCfg = Debug_CS|x86
		{F96AF910-F727-4AD2-89FC-F6A3C6CF9DCC}.DLLRelease|Mixed Platforms.Build.0 = Debug_CS|x86
		{F96AF910-F727-4AD2-89FC-F6A3C6CF9DCC}.DLLRelease|Win32.ActiveCfg = Debug_CS|x86
		{F96AF910-F727-4AD2-89FC-F6A3C6CF9DCC}.DLLRelease|Win32.Build.0 = Debug_CS|x86
		{F96AF910-F727-4AD2-89FC-F6A3C6CF9DCC}.DLLRelease|x64.ActiveCfg = Debug_CS|x64
		{F96AF910-F727-4AD2-89FC-F6A3C6CF9DCC}.DLLRelease|x64.Build.0 = Debug_CS|x64
		{F96AF910-F727-4AD2-89FC-F6A3C6CF9DCC}.DLLRelease|x86.ActiveCfg = Debug_CS|x86
		{F96AF910-F727-4AD2-89FC-F6A3C6CF9DCC}.DLLRelease|x86.Build.0 = Debug_CS|x86
		{F96AF910-F727-4AD2-89FC-F6A3C6CF9DCC}.Release_CS|Any CPU.ActiveCfg = Release_CS|x86
		{F96AF910-F727-4AD2-89FC-F6A3C6CF9DCC}.Release_CS|Mixed Platforms.ActiveCfg = Release_CS|x86
		{F96AF910-F727-4AD2-89FC-F6A3C6CF9DCC}.Release_CS|Mixed Platforms.Build.0 = Release_CS|x86
		{F96AF910-F727-4AD2-89FC-F6A3C6CF9DCC}.Release_CS|Win32.ActiveCfg = Release_CS|x86
		{F96AF910-F727-4AD2-89FC-F6A3C6CF9DCC}.Release_CS|Win32.Build.0 = Release_CS|x86
		{F96AF910-F727-4AD2-89FC-F6A3C6CF9DCC}.Release_CS|x64.ActiveCfg = Release_CS|x64
		{F96AF910-F727-4AD2-89FC-F6A3C6CF9DCC}.Release_CS|x64.Build.0 = Release_CS|x64
		{F96AF910-F727-4AD2-89FC-F6A3C6CF9DCC}.Release_CS|x86.ActiveCfg = Release_CS|x86
		{F96AF910-F727-4AD2-89FC-F6A3C6CF9DCC}.Release_CS|x86.Build.0 = Release_CS|x86
		{F96AF910-F727-4AD2-89FC-F6A3C6CF9DCC}.Release|Any CPU.ActiveCfg = Release_CS|x86
		{F96AF910-F727-4AD2-89FC-F6A3C6CF9DCC}.Release|Mixed Platforms.ActiveCfg = Release_CS|x86
		{F96AF910-F727-4AD2-89FC-F6A3C6CF9DCC}.Release|Mixed Platforms.Build.0 = Release_CS|x86
		{F96AF910-F727-4AD2-89FC-F6A3C6CF9DCC}.Release|Win32.ActiveCfg = Release_CS|x86
		{F96AF910-F727-4AD2-89FC-F6A3C6CF9DCC}.Release|Win32.Build.0 = Release_CS|x86
		{F96AF910-F727-4AD2-89FC-F6A3C6CF9DCC}.Release|x64.ActiveCfg = Release_CS|x64
		{F96AF910-F727-4AD2-89FC-F6A3C6CF9DCC}.Release|x64.Build.0 = Release_CS|x64
		{F96AF910-F727-4AD2-89FC-F6A3C6CF9DCC}.Release|x86.ActiveCfg = Release_CS|x86
		{F96AF910-F727-4AD2-89FC-F6A3C6CF9DCC}.Release|x86.Build.0 = Release_CS|x86
		{21908BBD-592F-4DA5-B854-AF879DA59299}.CLRRelease|Any CPU.ActiveCfg = Release_CS|x86
		{21908BBD-592F-4DA5-B854-AF879DA59299}.CLRRelease|Mixed Platforms.ActiveCfg = Release_CS|x86
		{21908BBD-592F-4DA5-B854-AF879DA59299}.CLRRelease|Mixed Platforms.Build.0 = Release_CS|x86
		{21908BBD-592F-4DA5-B854-AF879DA59299}.CLRRelease|Win32.ActiveCfg = Release_CS|x86
		{21908BBD-592F-4DA5-B854-AF879DA59299}.CLRRelease|Win32.Build.0 = Release_CS|x86
		{21908BBD-592F-4DA5-B854-AF879DA59299}.CLRRelease|x64.ActiveCfg = Release_CS|x64
		{21908BBD-592F-4DA5-B854-AF879DA59299}.CLRRelease|x64.Build.0 = Release_CS|x64
		{21908BBD-592F-4DA5-B854-AF879DA59299}.CLRRelease|x86.ActiveCfg = Release_CS|x86
		{21908BBD-592F-4DA5-B854-AF879DA59299}.CLRRelease|x86.Build.0 = Release_CS|x86
		{21908BBD-592F-4DA5-B854-AF879DA59299}.Debug_CS|Any CPU.ActiveCfg = Debug_CS|x86
		{21908BBD-592F-4DA5-B854-AF879DA59299}.Debug_CS|Mixed Platforms.ActiveCfg = Debug_CS|x86
		{21908BBD-592F-4DA5-B854-AF879DA59299}.Debug_CS|Mixed Platforms.Build.0 = Debug_CS|x86
		{21908BBD-592F-4DA5-B854-AF879DA59299}.Debug_CS|Win32.ActiveCfg = Debug_CS|x86
		{21908BBD-592F-4DA5-B854-AF879DA59299}.Debug_CS|Win32.Build.0 = Debug_CS|x86
		{21908BBD-592F-4DA5-B854-AF879DA59299}.Debug_CS|x64.ActiveCfg = Debug_CS|x64
		{21908BBD-592F-4DA5-B854-AF879DA59299}.Debug_CS|x64.Build.0 = Debug_CS|x64
		{21908BBD-592F-4DA5-B854-AF879DA59299}.Debug_CS|x86.ActiveCfg = Debug_CS|x86
		{21908BBD-592F-4DA5-B854-AF879DA59299}.Debug_CS|x86.Build.0 = Debug_CS|x86
		{21908BBD-592F-4DA5-B854-AF879DA59299}.Debug|Any CPU.ActiveCfg = Debug_CS|x86
		{21908BBD-592F-4DA5-B854-AF879DA59299}.Debug|Mixed Platforms.ActiveCfg = Debug_CS|x86
		{21908BBD-592F-4DA5-B854-AF879DA59299}.Debug|Mixed Platforms.Build.0 = Debug_CS|x86
		{21908BBD-592F-4DA5-B854-AF879DA59299}.Debug|Win32.ActiveCfg = Debug_CS|x86
		{21908BBD-592F-4DA5-B854-AF879DA59299}.Debug|Win32.Build.0 = Debug_CS|x86
		{21908BBD-592F-4DA5-B854-AF879DA59299}.Debug|x64.ActiveCfg = Debug_CS|x64
		{21908BBD-592F-4DA5-B854-AF879DA59299}.Debug|x64.Build.0 = Debug_CS|x64
		{21908BBD-592F-4DA5-B854-AF879DA59299}.Debug|x86.ActiveCfg = Debug_CS|x86
		{21908BBD-592F-4DA5-B854-AF879DA59299}.Debug|x86.Build.0 = Debug_CS|x86
		{21908BBD-592F-4DA5-B854-AF879DA59299}.DLLRelease|Any CPU.ActiveCfg = Debug_CS|x86
		{21908BBD-592F-4DA5-B854-AF879DA59299}.DLLRelease|Mixed Platforms.ActiveCfg = Debug_CS|x86
		{21908BBD-592F-4DA5-B854-AF879DA59299}.DLLRelease|Mixed Platforms.Build.0 = Debug_CS|x86
		{21908BBD-592F-4DA5-B854-AF879DA59299}.DLLRelease|Win32.ActiveCfg = Debug_CS|x86
		{21908BBD-592F-4DA5-B854-AF879DA59299}.DLLRelease|Win32.Build.0 = Debug_CS|x86
		{21908BBD-592F-4DA5-B854-AF879DA59299}.DLLRelease|x64.ActiveCfg = Debug_CS|x64
		{21908BBD-592F-4DA5-B854-AF879DA59299}.DLLRelease|x64.Build.0 = Debug_CS|x64
		{21908BBD-592F-4DA5-B854-AF879DA59299}.DLLRelease|x86.ActiveCfg = Debug_CS|x86
		{21908BBD-592F-4DA5-B854-AF879DA59299}.DLLRelease|x86.Build.0 = Debug_CS|x86
		{21908BBD-592F-4DA5-B854-AF879DA59299}.Release_CS|Any CPU.ActiveCfg = Release_CS|x86
		{21908BBD-592F-4DA5-B854-AF879DA59299}.Release_CS|Mixed Platforms.ActiveCfg = Release_CS|x86
		{21908BBD-592F-4DA5-B854-AF879DA59299}.Release_CS|Mixed Platforms.Build.0 = Release_CS|x86
		{21908BBD-592F-4DA5-B854-AF879DA59299}.Release_CS|Win32.ActiveCfg = Release_CS|x86
		{21908BBD-592F-4DA5-B854-AF879DA59299}.Release_CS|Win32.Build.0 = Release_CS|x86
		{21908BBD-592F-4DA5-B854-AF879DA59299}.Release_CS|x64.ActiveCfg = Release_CS|x64
		{21908BBD-592F-4DA5-B854-AF879DA59299}.Release_CS|x64.Build.0 = Release_CS|x64
		{21908BBD-592F-4DA5-B854-AF879DA59299}.Release_CS|x86.ActiveCfg = Release_CS|x86
		{21908BBD-592F-4DA5-B854-AF879DA59299}.Release_CS|x86.Build.0 = Release_CS|x86
		{21908BBD-592F-4DA5-B854-AF879DA59299}.Release|Any CPU.ActiveCfg = Release_CS|x86
		{21908BBD-592F-4DA5-B854-AF879DA59299}.Release|Mixed Platforms.ActiveCfg = Release_CS|x86
		{21908BBD-592F-4DA5-B854-AF879DA59299}.Release|Mixed Platforms.Build.0 = Release_CS|x86
		{21908BBD-592F-4DA5-B854-AF879DA59299}.Release|Win32.ActiveCfg = Release_CS|x86
		{21908BBD-592F-4DA5-B854-AF879DA59299}.Release|Win32.Build.0 = Release_CS|x86
		{21908BBD-592F-4DA5-B854-AF879DA59299}.Release|x64.ActiveCfg = Release_CS|x64
		{21908BBD-592F-4DA5-B854-AF879DA59299}.Release|x64.Build.0 = Release_CS|x64
		{21908BBD-592F-4DA5-B854-AF879DA59299}.Release|x86.ActiveCfg = Release_CS|x86
		{21908BBD-592F-4DA5-B854-AF879DA59299}.Release|x86.Build.0 = Release_CS|x86
		{B79F148A-3D3C-4CFF-A381-AA6DA2FE09DD}.CLRRelease|Any CPU.ActiveCfg = Debug_CS|x86
		{B79F148A-3D3C-4CFF-A381-AA6DA2FE09DD}.CLRRelease|Mixed Platforms.ActiveCfg = Debug_CS|x86
		{B79F148A-3D3C-4CFF-A381-AA6DA2FE09DD}.CLRRelease|Mixed Platforms.Build.0 = Debug_CS|x86
		{B79F148A-3D3C-4CFF-A381-AA6DA2FE09DD}.CLRRelease|Win32.ActiveCfg = Debug_CS|x86
		{B79F148A-3D3C-4CFF-A381-AA6DA2FE09DD}.CLRRelease|Win32.Build.0 = Debug_CS|x86
		{B79F148A-3D3C-4CFF-A381-AA6DA2FE09DD}.CLRRelease|x64.ActiveCfg = Debug_CS|x64
		{B79F148A-3D3C-4CFF-A381-AA6DA2FE09DD}.CLRRelease|x64.Build.0 = Debug_CS|x64
		{B79F148A-3D3C-4CFF-A381-AA6DA2FE09DD}.CLRRelease|x86.ActiveCfg = Debug_CS|x86
		{B79F148A-3D3C-4CFF-A381-AA6DA2FE09DD}.CLRRelease|x86.Build.0 = Debug_CS|x86
		{B79F148A-3D3C-4CFF-A381-AA6DA2FE09DD}.Debug_CS|Any CPU.ActiveCfg = Debug_CS|x86
		{B79F148A-3D3C-4CFF-A381-AA6DA2FE09DD}.Debug_CS|Mixed Platforms.ActiveCfg = Debug_CS|x86
		{B79F148A-3D3C-4CFF-A381-AA6DA2FE09DD}.Debug_CS|Mixed Platforms.Build.0 = Debug_CS|x86
		{B79F148A-3D3C-4CFF-A381-AA6DA2FE09DD}.Debug_CS|Win32.ActiveCfg = Debug_CS|x86
		{B79F148A-3D3C-4CFF-A381-AA6DA2FE09DD}.Debug_CS|Win32.Build.0 = Debug_CS|x86
		{B79F148A-3D3C-4CFF-A381-AA6DA2FE09DD}.Debug_CS|x64.ActiveCfg = Debug_CS|x64
		{B79F148A-3D3C-4CFF-A381-AA6DA2FE09DD}.Debug_CS|x64.Build.0 = Debug_CS|x64
		{B79F148A-3D3C-4CFF-A381-AA6DA2FE09DD}.Debug_CS|x86.ActiveCfg = Debug_CS|x86
		{B79F148A-3D3C-4CFF-A381-AA6DA2FE09DD}.Debug_CS|x86.Build.0 = Debug_CS|x86
		{B79F148A-3D3C-4CFF-A381-AA6DA2FE09DD}.Debug|Any CPU.ActiveCfg = Debug_CS|x86
		{B79F148A-3D3C-4CFF-A381-AA6DA2FE09DD}.Debug|Mixed Platforms.ActiveCfg = Debug_CS|x86
		{B79F148A-3D3C-4CFF-A381-AA6DA2FE09DD}.Debug|Mixed Platforms.Build.0 = Debug_CS|x86
		{B79F148A-3D3C-4CFF-A381-AA6DA2FE09DD}.Debug|Win32.ActiveCfg = Debug_CS|x86
		{B79F148A-3D3C-4CFF-A381-AA6DA2FE09DD}.Debug|Win32.Build.0 = Debug_CS|x86
		{B79F148A-3D3C-4CFF-A381-AA6DA2FE09DD}.Debug|x64.ActiveCfg = Debug_CS|x64
		{B79F148A-3D3C-4CFF-A381-AA6DA2FE09DD}.Debug|x64.Build.0 = Debug_CS|x64
		{B79F148A-3D3C-4CFF-A381-AA6DA2FE09DD}.Debug|x86.ActiveCfg = Debug_CS|x86
		{B79F148A-3D3C-4CFF-A381-AA6DA2FE09DD}.Debug|x86.Build.0 = Debug_CS|x86
		{B79F148A-3D3C-4CFF-A381-AA6DA2FE09DD}.DLLRelease|Any CPU.ActiveCfg = Debug_CS|x86
		{B79F148A-3D3C-4CFF-A381-AA6DA2FE09DD}.DLLRelease|Mixed Platforms.ActiveCfg = Debug_CS|x86
		{B79F148A-3D3C-4CFF-A381-AA6DA2FE09DD}.DLLRelease|Mixed Platforms.Build.0 = Debug_CS|x86
		{B79F148A-3D3C-4CFF-A381-AA6DA2FE09DD}.DLLRelease|Win32.ActiveCfg = Debug_CS|x86
		{B79F148A-3D3C-4CFF-A381-AA6DA2FE09DD}.DLLRelease|Win32.Build.0 = Debug_CS|x86
		{B79F148A-3D3C-4CFF-A381-AA6DA2FE09DD}.DLLRelease|x64.ActiveCfg = Debug_CS|x64
		{B79F148A-3D3C-4CFF-A381-AA6DA2FE09DD}.DLLRelease|x64.Build.0 = Debug_CS|x64
		{B79F148A-3D3C-4CFF-A381-AA6DA2FE09DD}.DLLRelease|x86.ActiveCfg = Debug_CS|x86
		{B79F148A-3D3C-4CFF-A381-AA6DA2FE09DD}.DLLRelease|x86.Build.0 = Debug_CS|x86
		{B79F148A-3D3C-4CFF-A381-AA6DA2FE09DD}.Release_CS|Any CPU.ActiveCfg = Release_CS|x86
		{B79F148A-3D3C-4CFF-A381-AA6DA2FE09DD}.Release_CS|Mixed Platforms.ActiveCfg = Release_CS|x86
		{B79F148A-3D3C-4CFF-A381-AA6DA2FE09DD}.Release_CS|Mixed Platforms.Build.0 = Release_CS|x86
		{B79F148A-3D3C-4CFF-A381-AA6DA2FE09DD}.Release_CS|Win32.ActiveCfg = Release_CS|x86
		{B79F148A-3D3C-4CFF-A381-AA6DA2FE09DD}.Release_CS|Win32.Build.0 = Release_CS|x86
		{B79F148A-3D3C-4CFF-A381-AA6DA2FE09DD}.Release_CS|x64.ActiveCfg = Release_CS|x64
		{B79F148A-3D3C-4CFF-A381-AA6DA2FE09DD}.Release_CS|x64.Build.0 = Release_CS|x64
		{B79F148A-3D3C-4CFF-A381-AA6DA2FE09DD}.Release_CS|x86.ActiveCfg = Release_CS|x86
		{B79F148A-3D3C-4CFF-A381-AA6DA2FE09DD}.Release_CS|x86.Build.0 = Release_CS|x86
		{B79F148A-3D3C-4CFF-A381-AA6DA2FE09DD}.Release|Any CPU.ActiveCfg = Release_CS|x86
		{B79F148A-3D3C-4CFF-A381-AA6DA2FE09DD}.Release|Mixed Platforms.ActiveCfg = Release_CS|x86
		{B79F148A-3D3C-4CFF-A381-AA6DA2FE09DD}.Release|Mixed Platforms.Build.0 = Release_CS|x86
		{B79F148A-3D3C-4CFF-A381-AA6DA2FE09DD}.Release|Win32.ActiveCfg = Release_CS|x86
		{B79F148A-3D3C-4CFF-A381-AA6DA2FE09DD}.Release|Win32.Build.0 = Release_CS|x86
		{B79F148A-3D3C-4CFF-A381-AA6DA2FE09DD}.Release|x64.ActiveCfg = Release_CS|x64
		{B79F148A-3D3C-4CFF-A381-AA6DA2FE09DD}.Release|x64.Build.0 = Release_CS|x64
		{B79F148A-3D3C-4CFF-A381-AA6DA2FE09DD}.Release|x86.ActiveCfg = Release_CS|x86
		{B79F148A-3D3C-4CFF-A381-AA6DA2FE09DD}.Release|x86.Build.0 = Release_CS|x86
	EndGlobalSection
	GlobalSection(SolutionProperties) = preSolution
		HideSolutionNode = FALSE
	EndGlobalSection
	GlobalSection(NestedProjects) = preSolution
		{19BDC01A-E726-4DF5-8E1C-A8E10FEFADD7} = {3111FFF6-C743-44BA-BCF2-F724739FBAF3}
		{F96AF910-F727-4AD2-89FC-F6A3C6CF9DCC} = {3111FFF6-C743-44BA-BCF2-F724739FBAF3}
		{21908BBD-592F-4DA5-B854-AF879DA59299} = {3111FFF6-C743-44BA-BCF2-F724739FBAF3}
		{B79F148A-3D3C-4CFF-A381-AA6DA2FE09DD} = {0431F159-4D89-4145-8699-3F3776D6DAA8}
	EndGlobalSection
EndGlobal
